
Microsoft Visual Studio Solution File, Format Version 12.00
# Visual Studio 15
VisualStudioVersion = 15.0.27130.2026
MinimumVisualStudioVersion = 10.0.40219.1
Project("{FAE04EC0-301F-11D3-BF4B-00C04F79EFBC}") = "SoccerBackend", "SoccerBackend\SoccerBackend.csproj", "{2D1B4FD9-DD2C-46C7-A917-89BC1639290B}"
EndProject
Project("{FAE04EC0-301F-11D3-BF4B-00C04F79EFBC}") = "Domain", "Domain\Domain.csproj", "{9F01FB3B-4DAC-4EF7-ABE9-6CCFE570C542}"
EndProject
Project("{FAE04EC0-301F-11D3-BF4B-00C04F79EFBC}") = "SoccerAPI", "SoccerAPI\SoccerAPI.csproj", "{F613C331-32C8-435D-BC86-19393C962F0D}"
EndProject
Global
	GlobalSection(SolutionConfigurationPlatforms) = preSolution
		Debug|Any CPU = Debug|Any CPU
		Release|Any CPU = Release|Any CPU
	EndGlobalSection
	GlobalSection(ProjectConfigurationPlatforms) = postSolution
		{2D1B4FD9-DD2C-46C7-A917-89BC1639290B}.Debug|Any CPU.ActiveCfg = Debug|Any CPU
		{2D1B4FD9-DD2C-46C7-A917-89BC1639290B}.Debug|Any CPU.Build.0 = Debug|Any CPU
		{2D1B4FD9-DD2C-46C7-A917-89BC1639290B}.Release|Any CPU.ActiveCfg = Release|Any CPU
		{2D1B4FD9-DD2C-46C7-A917-89BC1639290B}.Release|Any CPU.Build.0 = Release|Any CPU
		{9F01FB3B-4DAC-4EF7-ABE9-6CCFE570C542}.Debug|Any CPU.ActiveCfg = Debug|Any CPU
		{9F01FB3B-4DAC-4EF7-ABE9-6CCFE570C542}.Debug|Any CPU.Build.0 = Debug|Any CPU
		{9F01FB3B-4DAC-4EF7-ABE9-6CCFE570C542}.Release|Any CPU.ActiveCfg = Release|Any CPU
		{9F01FB3B-4DAC-4EF7-ABE9-6CCFE570C542}.Release|Any CPU.Build.0 = Release|Any CPU
		{F613C331-32C8-435D-BC86-19393C962F0D}.Debug|Any CPU.ActiveCfg = Debug|Any CPU
		{F613C331-32C8-435D-BC86-19393C962F0D}.Debug|Any CPU.Build.0 = Debug|Any CPU
		{F613C331-32C8-435D-BC86-19393C962F0D}.Release|Any CPU.ActiveCfg = Release|Any CPU
		{F613C331-32C8-435D-BC86-19393C962F0D}.Release|Any CPU.Build.0 = Release|Any CPU
	EndGlobalSection
	GlobalSection(SolutionProperties) = preSolution
		HideSolutionNode = FALSE
	EndGlobalSection
	GlobalSection(ExtensibilityGlobals) = postSolution
		SolutionGuid = {1729E40F-E162-4166-AB57-6E54BF94DBD4}
	EndGlobalSection
EndGlobal
